
Microsoft Visual Studio Solution File, Format Version 12.00
# Visual Studio Version 17
VisualStudioVersion = 17.0.31903.59
MinimumVisualStudioVersion = 10.0.40219.1
Project("{FAE04EC0-301F-11D3-BF4B-00C04F79EFBC}") = "LibDiffMeth", "LibDiffMeth\LibDiffMeth.csproj", "{444DB9FC-468D-4EEC-A251-E5A619D917BF}"
EndProject
Project("{FAE04EC0-301F-11D3-BF4B-00C04F79EFBC}") = "DiffMeth", "DiffMeth\DiffMeth.csproj", "{60DA825A-05C1-4F9A-A4AB-5E056999FF84}"
EndProject
Global
	GlobalSection(SolutionConfigurationPlatforms) = preSolution
		Debug|Any CPU = Debug|Any CPU
		Release|Any CPU = Release|Any CPU
	EndGlobalSection
	GlobalSection(SolutionProperties) = preSolution
		HideSolutionNode = FALSE
	EndGlobalSection
	GlobalSection(ProjectConfigurationPlatforms) = postSolution
		{444DB9FC-468D-4EEC-A251-E5A619D917BF}.Debug|Any CPU.ActiveCfg = Debug|Any CPU
		{444DB9FC-468D-4EEC-A251-E5A619D917BF}.Debug|Any CPU.Build.0 = Debug|Any CPU
		{444DB9FC-468D-4EEC-A251-E5A619D917BF}.Release|Any CPU.ActiveCfg = Release|Any CPU
		{444DB9FC-468D-4EEC-A251-E5A619D917BF}.Release|Any CPU.Build.0 = Release|Any CPU
		{60DA825A-05C1-4F9A-A4AB-5E056999FF84}.Debug|Any CPU.ActiveCfg = Debug|Any CPU
		{60DA825A-05C1-4F9A-A4AB-5E056999FF84}.Debug|Any CPU.Build.0 = Debug|Any CPU
		{60DA825A-05C1-4F9A-A4AB-5E056999FF84}.Release|Any CPU.ActiveCfg = Release|Any CPU
		{60DA825A-05C1-4F9A-A4AB-5E056999FF84}.Release|Any CPU.Build.0 = Release|Any CPU
	EndGlobalSection
EndGlobal
